// !$*UTF8*$!
{
	archiveVersion = 1;
	classes = {
	};
	objectVersion = 56;
	objects = {

/* Begin PBXBuildFile section */
		6595DB1C2C911C4E007E0B18 /* AppDelegate.swift in Sources */ = {isa = PBXBuildFile; fileRef = 6595DB1B2C911C4E007E0B18 /* AppDelegate.swift */; };
		6595DB1E2C911C4E007E0B18 /* SceneDelegate.swift in Sources */ = {isa = PBXBuildFile; fileRef = 6595DB1D2C911C4E007E0B18 /* SceneDelegate.swift */; };
		6595DB202C911C4E007E0B18 /* ViewController.swift in Sources */ = {isa = PBXBuildFile; fileRef = 6595DB1F2C911C4E007E0B18 /* ViewController.swift */; };
		6595DB232C911C4E007E0B18 /* Main.storyboard in Resources */ = {isa = PBXBuildFile; fileRef = 6595DB212C911C4E007E0B18 /* Main.storyboard */; };
		6595DB252C911C50007E0B18 /* Assets.xcassets in Resources */ = {isa = PBXBuildFile; fileRef = 6595DB242C911C50007E0B18 /* Assets.xcassets */; };
		6595DB282C911C50007E0B18 /* LaunchScreen.storyboard in Resources */ = {isa = PBXBuildFile; fileRef = 6595DB262C911C50007E0B18 /* LaunchScreen.storyboard */; };
		6595DB332C911C50007E0B18 /* questions_native_appTests.swift in Sources */ = {isa = PBXBuildFile; fileRef = 6595DB322C911C50007E0B18 /* questions_native_appTests.swift */; };
		6595DB3D2C911C50007E0B18 /* questions_native_appUITests.swift in Sources */ = {isa = PBXBuildFile; fileRef = 6595DB3C2C911C50007E0B18 /* questions_native_appUITests.swift */; };
		6595DB3F2C911C50007E0B18 /* questions_native_appUITestsLaunchTests.swift in Sources */ = {isa = PBXBuildFile; fileRef = 6595DB3E2C911C50007E0B18 /* questions_native_appUITestsLaunchTests.swift */; };
/* End PBXBuildFile section */

/* Begin PBXContainerItemProxy section */
		6595DB2F2C911C50007E0B18 /* PBXContainerItemProxy */ = {
			isa = PBXContainerItemProxy;
			containerPortal = 6595DB102C911C4E007E0B18 /* Project object */;
			proxyType = 1;
			remoteGlobalIDString = 6595DB172C911C4E007E0B18;
			remoteInfo = "questions-native-app";
		};
		6595DB392C911C50007E0B18 /* PBXContainerItemProxy */ = {
			isa = PBXContainerItemProxy;
			containerPortal = 6595DB102C911C4E007E0B18 /* Project object */;
			proxyType = 1;
			remoteGlobalIDString = 6595DB172C911C4E007E0B18;
			remoteInfo = "questions-native-app";
		};
/* End PBXContainerItemProxy section */

/* Begin PBXFileReference section */
		6595DB182C911C4E007E0B18 /* questions-native-app.app */ = {isa = PBXFileReference; explicitFileType = wrapper.application; includeInIndex = 0; path = "questions-native-app.app"; sourceTree = BUILT_PRODUCTS_DIR; };
		6595DB1B2C911C4E007E0B18 /* AppDelegate.swift */ = {isa = PBXFileReference; lastKnownFileType = sourcecode.swift; path = AppDelegate.swift; sourceTree = "<group>"; };
		6595DB1D2C911C4E007E0B18 /* SceneDelegate.swift */ = {isa = PBXFileReference; lastKnownFileType = sourcecode.swift; path = SceneDelegate.swift; sourceTree = "<group>"; };
		6595DB1F2C911C4E007E0B18 /* ViewController.swift */ = {isa = PBXFileReference; lastKnownFileType = sourcecode.swift; path = ViewController.swift; sourceTree = "<group>"; };
		6595DB222C911C4E007E0B18 /* Base */ = {isa = PBXFileReference; lastKnownFileType = file.storyboard; name = Base; path = Base.lproj/Main.storyboard; sourceTree = "<group>"; };
		6595DB242C911C50007E0B18 /* Assets.xcassets */ = {isa = PBXFileReference; lastKnownFileType = folder.assetcatalog; path = Assets.xcassets; sourceTree = "<group>"; };
		6595DB272C911C50007E0B18 /* Base */ = {isa = PBXFileReference; lastKnownFileType = file.storyboard; name = Base; path = Base.lproj/LaunchScreen.storyboard; sourceTree = "<group>"; };
		6595DB292C911C50007E0B18 /* Info.plist */ = {isa = PBXFileReference; lastKnownFileType = text.plist.xml; path = Info.plist; sourceTree = "<group>"; };
		6595DB2E2C911C50007E0B18 /* questions-native-appTests.xctest */ = {isa = PBXFileReference; explicitFileType = wrapper.cfbundle; includeInIndex = 0; path = "questions-native-appTests.xctest"; sourceTree = BUILT_PRODUCTS_DIR; };
		6595DB322C911C50007E0B18 /* questions_native_appTests.swift */ = {isa = PBXFileReference; lastKnownFileType = sourcecode.swift; path = questions_native_appTests.swift; sourceTree = "<group>"; };
		6595DB382C911C50007E0B18 /* questions-native-appUITests.xctest */ = {isa = PBXFileReference; explicitFileType = wrapper.cfbundle; includeInIndex = 0; path = "questions-native-appUITests.xctest"; sourceTree = BUILT_PRODUCTS_DIR; };
		6595DB3C2C911C50007E0B18 /* questions_native_appUITests.swift */ = {isa = PBXFileReference; lastKnownFileType = sourcecode.swift; path = questions_native_appUITests.swift; sourceTree = "<group>"; };
		6595DB3E2C911C50007E0B18 /* questions_native_appUITestsLaunchTests.swift */ = {isa = PBXFileReference; lastKnownFileType = sourcecode.swift; path = questions_native_appUITestsLaunchTests.swift; sourceTree = "<group>"; };
/* End PBXFileReference section */

/* Begin PBXFrameworksBuildPhase section */
		6595DB152C911C4E007E0B18 /* Frameworks */ = {
			isa = PBXFrameworksBuildPhase;
			buildActionMask = 2147483647;
			files = (
			);
			runOnlyForDeploymentPostprocessing = 0;
		};
		6595DB2B2C911C50007E0B18 /* Frameworks */ = {
			isa = PBXFrameworksBuildPhase;
			buildActionMask = 2147483647;
			files = (
			);
			runOnlyForDeploymentPostprocessing = 0;
		};
		6595DB352C911C50007E0B18 /* Frameworks */ = {
			isa = PBXFrameworksBuildPhase;
			buildActionMask = 2147483647;
			files = (
			);
			runOnlyForDeploymentPostprocessing = 0;
		};
/* End PBXFrameworksBuildPhase section */

/* Begin PBXGroup section */
		6595DB0F2C911C4E007E0B18 = {
			isa = PBXGroup;
			children = (
				6595DB1A2C911C4E007E0B18 /* questions-native-app */,
				6595DB312C911C50007E0B18 /* questions-native-appTests */,
				6595DB3B2C911C50007E0B18 /* questions-native-appUITests */,
				6595DB192C911C4E007E0B18 /* Products */,
			);
			sourceTree = "<group>";
		};
		6595DB192C911C4E007E0B18 /* Products */ = {
			isa = PBXGroup;
			children = (
				6595DB182C911C4E007E0B18 /* questions-native-app.app */,
				6595DB2E2C911C50007E0B18 /* questions-native-appTests.xctest */,
				6595DB382C911C50007E0B18 /* questions-native-appUITests.xctest */,
			);
			name = Products;
			sourceTree = "<group>";
		};
		6595DB1A2C911C4E007E0B18 /* questions-native-app */ = {
			isa = PBXGroup;
			children = (
				6595DB1B2C911C4E007E0B18 /* AppDelegate.swift */,
				6595DB1D2C911C4E007E0B18 /* SceneDelegate.swift */,
				6595DB1F2C911C4E007E0B18 /* ViewController.swift */,
				6595DB212C911C4E007E0B18 /* Main.storyboard */,
				6595DB242C911C50007E0B18 /* Assets.xcassets */,
				6595DB262C911C50007E0B18 /* LaunchScreen.storyboard */,
				6595DB292C911C50007E0B18 /* Info.plist */,
			);
			path = "questions-native-app";
			sourceTree = "<group>";
		};
		6595DB312C911C50007E0B18 /* questions-native-appTests */ = {
			isa = PBXGroup;
			children = (
				6595DB322C911C50007E0B18 /* questions_native_appTests.swift */,
			);
			path = "questions-native-appTests";
			sourceTree = "<group>";
		};
		6595DB3B2C911C50007E0B18 /* questions-native-appUITests */ = {
			isa = PBXGroup;
			children = (
				6595DB3C2C911C50007E0B18 /* questions_native_appUITests.swift */,
				6595DB3E2C911C50007E0B18 /* questions_native_appUITestsLaunchTests.swift */,
			);
			path = "questions-native-appUITests";
			sourceTree = "<group>";
		};
/* End PBXGroup section */

/* Begin PBXNativeTarget section */
		6595DB172C911C4E007E0B18 /* questions-native-app */ = {
			isa = PBXNativeTarget;
			buildConfigurationList = 6595DB422C911C50007E0B18 /* Build configuration list for PBXNativeTarget "questions-native-app" */;
			buildPhases = (
				6595DB142C911C4E007E0B18 /* Sources */,
				6595DB152C911C4E007E0B18 /* Frameworks */,
				6595DB162C911C4E007E0B18 /* Resources */,
			);
			buildRules = (
			);
			dependencies = (
			);
			name = "questions-native-app";
			productName = "questions-native-app";
			productReference = 6595DB182C911C4E007E0B18 /* questions-native-app.app */;
			productType = "com.apple.product-type.application";
		};
		6595DB2D2C911C50007E0B18 /* questions-native-appTests */ = {
			isa = PBXNativeTarget;
			buildConfigurationList = 6595DB452C911C50007E0B18 /* Build configuration list for PBXNativeTarget "questions-native-appTests" */;
			buildPhases = (
				6595DB2A2C911C50007E0B18 /* Sources */,
				6595DB2B2C911C50007E0B18 /* Frameworks */,
				6595DB2C2C911C50007E0B18 /* Resources */,
			);
			buildRules = (
			);
			dependencies = (
				6595DB302C911C50007E0B18 /* PBXTargetDependency */,
			);
			name = "questions-native-appTests";
			productName = "questions-native-appTests";
			productReference = 6595DB2E2C911C50007E0B18 /* questions-native-appTests.xctest */;
			productType = "com.apple.product-type.bundle.unit-test";
		};
		6595DB372C911C50007E0B18 /* questions-native-appUITests */ = {
			isa = PBXNativeTarget;
			buildConfigurationList = 6595DB482C911C50007E0B18 /* Build configuration list for PBXNativeTarget "questions-native-appUITests" */;
			buildPhases = (
				6595DB342C911C50007E0B18 /* Sources */,
				6595DB352C911C50007E0B18 /* Frameworks */,
				6595DB362C911C50007E0B18 /* Resources */,
			);
			buildRules = (
			);
			dependencies = (
				6595DB3A2C911C50007E0B18 /* PBXTargetDependency */,
			);
			name = "questions-native-appUITests";
			productName = "questions-native-appUITests";
			productReference = 6595DB382C911C50007E0B18 /* questions-native-appUITests.xctest */;
			productType = "com.apple.product-type.bundle.ui-testing";
		};
/* End PBXNativeTarget section */

/* Begin PBXProject section */
		6595DB102C911C4E007E0B18 /* Project object */ = {
			isa = PBXProject;
			attributes = {
				BuildIndependentTargetsInParallel = 1;
				LastSwiftUpdateCheck = 1500;
				LastUpgradeCheck = 1500;
				TargetAttributes = {
					6595DB172C911C4E007E0B18 = {
						CreatedOnToolsVersion = 15.0.1;
					};
					6595DB2D2C911C50007E0B18 = {
						CreatedOnToolsVersion = 15.0.1;
						TestTargetID = 6595DB172C911C4E007E0B18;
					};
					6595DB372C911C50007E0B18 = {
						CreatedOnToolsVersion = 15.0.1;
						TestTargetID = 6595DB172C911C4E007E0B18;
					};
				};
			};
			buildConfigurationList = 6595DB132C911C4E007E0B18 /* Build configuration list for PBXProject "questions-native-app" */;
			compatibilityVersion = "Xcode 14.0";
			developmentRegion = en;
			hasScannedForEncodings = 0;
			knownRegions = (
				en,
				Base,
			);
			mainGroup = 6595DB0F2C911C4E007E0B18;
			productRefGroup = 6595DB192C911C4E007E0B18 /* Products */;
			projectDirPath = "";
			projectRoot = "";
			targets = (
				6595DB172C911C4E007E0B18 /* questions-native-app */,
				6595DB2D2C911C50007E0B18 /* questions-native-appTests */,
				6595DB372C911C50007E0B18 /* questions-native-appUITests */,
			);
		};
/* End PBXProject section */

/* Begin PBXResourcesBuildPhase section */
		6595DB162C911C4E007E0B18 /* Resources */ = {
			isa = PBXResourcesBuildPhase;
			buildActionMask = 2147483647;
			files = (
				6595DB282C911C50007E0B18 /* LaunchScreen.storyboard in Resources */,
				6595DB252C911C50007E0B18 /* Assets.xcassets in Resources */,
				6595DB232C911C4E007E0B18 /* Main.storyboard in Resources */,
			);
			runOnlyForDeploymentPostprocessing = 0;
		};
		6595DB2C2C911C50007E0B18 /* Resources */ = {
			isa = PBXResourcesBuildPhase;
			buildActionMask = 2147483647;
			files = (
			);
			runOnlyForDeploymentPostprocessing = 0;
		};
		6595DB362C911C50007E0B18 /* Resources */ = {
			isa = PBXResourcesBuildPhase;
			buildActionMask = 2147483647;
			files = (
			);
			runOnlyForDeploymentPostprocessing = 0;
		};
/* End PBXResourcesBuildPhase section */

/* Begin PBXSourcesBuildPhase section */
		6595DB142C911C4E007E0B18 /* Sources */ = {
			isa = PBXSourcesBuildPhase;
			buildActionMask = 2147483647;
			files = (
				6595DB202C911C4E007E0B18 /* ViewController.swift in Sources */,
				6595DB1C2C911C4E007E0B18 /* AppDelegate.swift in Sources */,
				6595DB1E2C911C4E007E0B18 /* SceneDelegate.swift in Sources */,
			);
			runOnlyForDeploymentPostprocessing = 0;
		};
		6595DB2A2C911C50007E0B18 /* Sources */ = {
			isa = PBXSourcesBuildPhase;
			buildActionMask = 2147483647;
			files = (
				6595DB332C911C50007E0B18 /* questions_native_appTests.swift in Sources */,
			);
			runOnlyForDeploymentPostprocessing = 0;
		};
		6595DB342C911C50007E0B18 /* Sources */ = {
			isa = PBXSourcesBuildPhase;
			buildActionMask = 2147483647;
			files = (
				6595DB3D2C911C50007E0B18 /* questions_native_appUITests.swift in Sources */,
				6595DB3F2C911C50007E0B18 /* questions_native_appUITestsLaunchTests.swift in Sources */,
			);
			runOnlyForDeploymentPostprocessing = 0;
		};
/* End PBXSourcesBuildPhase section */

/* Begin PBXTargetDependency section */
		6595DB302C911C50007E0B18 /* PBXTargetDependency */ = {
			isa = PBXTargetDependency;
			target = 6595DB172C911C4E007E0B18 /* questions-native-app */;
			targetProxy = 6595DB2F2C911C50007E0B18 /* PBXContainerItemProxy */;
		};
		6595DB3A2C911C50007E0B18 /* PBXTargetDependency */ = {
			isa = PBXTargetDependency;
			target = 6595DB172C911C4E007E0B18 /* questions-native-app */;
			targetProxy = 6595DB392C911C50007E0B18 /* PBXContainerItemProxy */;
		};
/* End PBXTargetDependency section */

/* Begin PBXVariantGroup section */
		6595DB212C911C4E007E0B18 /* Main.storyboard */ = {
			isa = PBXVariantGroup;
			children = (
				6595DB222C911C4E007E0B18 /* Base */,
			);
			name = Main.storyboard;
			sourceTree = "<group>";
		};
		6595DB262C911C50007E0B18 /* LaunchScreen.storyboard */ = {
			isa = PBXVariantGroup;
			children = (
				6595DB272C911C50007E0B18 /* Base */,
			);
			name = LaunchScreen.storyboard;
			sourceTree = "<group>";
		};
/* End PBXVariantGroup section */

/* Begin XCBuildConfiguration section */
		6595DB402C911C50007E0B18 /* Debug */ = {
			isa = XCBuildConfiguration;
			buildSettings = {
				ALWAYS_SEARCH_USER_PATHS = NO;
				ASSETCATALOG_COMPILER_GENERATE_SWIFT_ASSET_SYMBOL_EXTENSIONS = YES;
				CLANG_ANALYZER_NONNULL = YES;
				CLANG_ANALYZER_NUMBER_OBJECT_CONVERSION = YES_AGGRESSIVE;
				CLANG_CXX_LANGUAGE_STANDARD = "gnu++20";
				CLANG_ENABLE_MODULES = YES;
				CLANG_ENABLE_OBJC_ARC = YES;
				CLANG_ENABLE_OBJC_WEAK = YES;
				CLANG_WARN_BLOCK_CAPTURE_AUTORELEASING = YES;
				CLANG_WARN_BOOL_CONVERSION = YES;
				CLANG_WARN_COMMA = YES;
				CLANG_WARN_CONSTANT_CONVERSION = YES;
				CLANG_WARN_DEPRECATED_OBJC_IMPLEMENTATIONS = YES;
				CLANG_WARN_DIRECT_OBJC_ISA_USAGE = YES_ERROR;
				CLANG_WARN_DOCUMENTATION_COMMENTS = YES;
				CLANG_WARN_EMPTY_BODY = YES;
				CLANG_WARN_ENUM_CONVERSION = YES;
				CLANG_WARN_INFINITE_RECURSION = YES;
				CLANG_WARN_INT_CONVERSION = YES;
				CLANG_WARN_NON_LITERAL_NULL_CONVERSION = YES;
				CLANG_WARN_OBJC_IMPLICIT_RETAIN_SELF = YES;
				CLANG_WARN_OBJC_LITERAL_CONVERSION = YES;
				CLANG_WARN_OBJC_ROOT_CLASS = YES_ERROR;
				CLANG_WARN_QUOTED_INCLUDE_IN_FRAMEWORK_HEADER = YES;
				CLANG_WARN_RANGE_LOOP_ANALYSIS = YES;
				CLANG_WARN_STRICT_PROTOTYPES = YES;
				CLANG_WARN_SUSPICIOUS_MOVE = YES;
				CLANG_WARN_UNGUARDED_AVAILABILITY = YES_AGGRESSIVE;
				CLANG_WARN_UNREACHABLE_CODE = YES;
				CLANG_WARN__DUPLICATE_METHOD_MATCH = YES;
				COPY_PHASE_STRIP = NO;
				DEBUG_INFORMATION_FORMAT = dwarf;
				ENABLE_STRICT_OBJC_MSGSEND = YES;
				ENABLE_TESTABILITY = YES;
				ENABLE_USER_SCRIPT_SANDBOXING = YES;
				GCC_C_LANGUAGE_STANDARD = gnu17;
				GCC_DYNAMIC_NO_PIC = NO;
				GCC_NO_COMMON_BLOCKS = YES;
				GCC_OPTIMIZATION_LEVEL = 0;
				GCC_PREPROCESSOR_DEFINITIONS = (
					"DEBUG=1",
					"$(inherited)",
				);
				GCC_WARN_64_TO_32_BIT_CONVERSION = YES;
				GCC_WARN_ABOUT_RETURN_TYPE = YES_ERROR;
				GCC_WARN_UNDECLARED_SELECTOR = YES;
				GCC_WARN_UNINITIALIZED_AUTOS = YES_AGGRESSIVE;
				GCC_WARN_UNUSED_FUNCTION = YES;
				GCC_WARN_UNUSED_VARIABLE = YES;
				IPHONEOS_DEPLOYMENT_TARGET = 17.0;
				LOCALIZATION_PREFERS_STRING_CATALOGS = YES;
				MTL_ENABLE_DEBUG_INFO = INCLUDE_SOURCE;
				MTL_FAST_MATH = YES;
				ONLY_ACTIVE_ARCH = YES;
				SDKROOT = iphoneos;
				SWIFT_ACTIVE_COMPILATION_CONDITIONS = "DEBUG $(inherited)";
				SWIFT_OPTIMIZATION_LEVEL = "-Onone";
			};
			name = Debug;
		};
		6595DB412C911C50007E0B18 /* Release */ = {
			isa = XCBuildConfiguration;
			buildSettings = {
				ALWAYS_SEARCH_USER_PATHS = NO;
				ASSETCATALOG_COMPILER_GENERATE_SWIFT_ASSET_SYMBOL_EXTENSIONS = YES;
				CLANG_ANALYZER_NONNULL = YES;
				CLANG_ANALYZER_NUMBER_OBJECT_CONVERSION = YES_AGGRESSIVE;
				CLANG_CXX_LANGUAGE_STANDARD = "gnu++20";
				CLANG_ENABLE_MODULES = YES;
				CLANG_ENABLE_OBJC_ARC = YES;
				CLANG_ENABLE_OBJC_WEAK = YES;
				CLANG_WARN_BLOCK_CAPTURE_AUTORELEASING = YES;
				CLANG_WARN_BOOL_CONVERSION = YES;
				CLANG_WARN_COMMA = YES;
				CLANG_WARN_CONSTANT_CONVERSION = YES;
				CLANG_WARN_DEPRECATED_OBJC_IMPLEMENTATIONS = YES;
				CLANG_WARN_DIRECT_OBJC_ISA_USAGE = YES_ERROR;
				CLANG_WARN_DOCUMENTATION_COMMENTS = YES;
				CLANG_WARN_EMPTY_BODY = YES;
				CLANG_WARN_ENUM_CONVERSION = YES;
				CLANG_WARN_INFINITE_RECURSION = YES;
				CLANG_WARN_INT_CONVERSION = YES;
				CLANG_WARN_NON_LITERAL_NULL_CONVERSION = YES;
				CLANG_WARN_OBJC_IMPLICIT_RETAIN_SELF = YES;
				CLANG_WARN_OBJC_LITERAL_CONVERSION = YES;
				CLANG_WARN_OBJC_ROOT_CLASS = YES_ERROR;
				CLANG_WARN_QUOTED_INCLUDE_IN_FRAMEWORK_HEADER = YES;
				CLANG_WARN_RANGE_LOOP_ANALYSIS = YES;
				CLANG_WARN_STRICT_PROTOTYPES = YES;
				CLANG_WARN_SUSPICIOUS_MOVE = YES;
				CLANG_WARN_UNGUARDED_AVAILABILITY = YES_AGGRESSIVE;
				CLANG_WARN_UNREACHABLE_CODE = YES;
				CLANG_WARN__DUPLICATE_METHOD_MATCH = YES;
				COPY_PHASE_STRIP = NO;
				DEBUG_INFORMATION_FORMAT = "dwarf-with-dsym";
				ENABLE_NS_ASSERTIONS = NO;
				ENABLE_STRICT_OBJC_MSGSEND = YES;
				ENABLE_USER_SCRIPT_SANDBOXING = YES;
				GCC_C_LANGUAGE_STANDARD = gnu17;
				GCC_NO_COMMON_BLOCKS = YES;
				GCC_WARN_64_TO_32_BIT_CONVERSION = YES;
				GCC_WARN_ABOUT_RETURN_TYPE = YES_ERROR;
				GCC_WARN_UNDECLARED_SELECTOR = YES;
				GCC_WARN_UNINITIALIZED_AUTOS = YES_AGGRESSIVE;
				GCC_WARN_UNUSED_FUNCTION = YES;
				GCC_WARN_UNUSED_VARIABLE = YES;
				IPHONEOS_DEPLOYMENT_TARGET = 17.0;
				LOCALIZATION_PREFERS_STRING_CATALOGS = YES;
				MTL_ENABLE_DEBUG_INFO = NO;
				MTL_FAST_MATH = YES;
				SDKROOT = iphoneos;
				SWIFT_COMPILATION_MODE = wholemodule;
				VALIDATE_PRODUCT = YES;
			};
			name = Release;
		};
		6595DB432C911C50007E0B18 /* Debug */ = {
			isa = XCBuildConfiguration;
			buildSettings = {
				ASSETCATALOG_COMPILER_APPICON_NAME = AppIcon;
				ASSETCATALOG_COMPILER_GLOBAL_ACCENT_COLOR_NAME = AccentColor;
				CODE_SIGN_STYLE = Automatic;
				CURRENT_PROJECT_VERSION = 1;
				DEVELOPMENT_TEAM = NTRW2Q55W3;
				GENERATE_INFOPLIST_FILE = YES;
				INFOPLIST_FILE = "questions-native-app/Info.plist";
				INFOPLIST_KEY_UIApplicationSupportsIndirectInputEvents = YES;
				INFOPLIST_KEY_UILaunchStoryboardName = LaunchScreen;
				INFOPLIST_KEY_UIMainStoryboardFile = Main;
				INFOPLIST_KEY_UISupportedInterfaceOrientations_iPad = "UIInterfaceOrientationPortrait UIInterfaceOrientationPortraitUpsideDown UIInterfaceOrientationLandscapeLeft UIInterfaceOrientationLandscapeRight";
				INFOPLIST_KEY_UISupportedInterfaceOrientations_iPhone = "UIInterfaceOrientationPortrait UIInterfaceOrientationLandscapeLeft UIInterfaceOrientationLandscapeRight";
				LD_RUNPATH_SEARCH_PATHS = (
					"$(inherited)",
					"@executable_path/Frameworks",
				);
				MARKETING_VERSION = 1.0;
				PRODUCT_BUNDLE_IDENTIFIER = "com.gabrieldcc.questions-native-app";
				PRODUCT_NAME = "$(TARGET_NAME)";
				SWIFT_EMIT_LOC_STRINGS = YES;
				SWIFT_VERSION = 5.0;
				TARGETED_DEVICE_FAMILY = "1,2";
			};
			name = Debug;
		};
		6595DB442C911C50007E0B18 /* Release */ = {
			isa = XCBuildConfiguration;
			buildSettings = {
				ASSETCATALOG_COMPILER_APPICON_NAME = AppIcon;
				ASSETCATALOG_COMPILER_GLOBAL_ACCENT_COLOR_NAME = AccentColor;
				CODE_SIGN_STYLE = Automatic;
				CURRENT_PROJECT_VERSION = 1;
				DEVELOPMENT_TEAM = NTRW2Q55W3;
				GENERATE_INFOPLIST_FILE = YES;
				INFOPLIST_FILE = "questions-native-app/Info.plist";
				INFOPLIST_KEY_UIApplicationSupportsIndirectInputEvents = YES;
				INFOPLIST_KEY_UILaunchStoryboardName = LaunchScreen;
				INFOPLIST_KEY_UIMainStoryboardFile = Main;
				INFOPLIST_KEY_UISupportedInterfaceOrientations_iPad = "UIInterfaceOrientationPortrait UIInterfaceOrientationPortraitUpsideDown UIInterfaceOrientationLandscapeLeft UIInterfaceOrientationLandscapeRight";
				INFOPLIST_KEY_UISupportedInterfaceOrientations_iPhone = "UIInterfaceOrientationPortrait UIInterfaceOrientationLandscapeLeft UIInterfaceOrientationLandscapeRight";
				LD_RUNPATH_SEARCH_PATHS = (
					"$(inherited)",
					"@executable_path/Frameworks",
				);
				MARKETING_VERSION = 1.0;
				PRODUCT_BUNDLE_IDENTIFIER = "com.gabrieldcc.questions-native-app";
				PRODUCT_NAME = "$(TARGET_NAME)";
				SWIFT_EMIT_LOC_STRINGS = YES;
				SWIFT_VERSION = 5.0;
				TARGETED_DEVICE_FAMILY = "1,2";
			};
			name = Release;
		};
		6595DB462C911C50007E0B18 /* Debug */ = {
			isa = XCBuildConfiguration;
			buildSettings = {
				ALWAYS_EMBED_SWIFT_STANDARD_LIBRARIES = YES;
				BUNDLE_LOADER = "$(TEST_HOST)";
				CODE_SIGN_STYLE = Automatic;
				CURRENT_PROJECT_VERSION = 1;
				DEVELOPMENT_TEAM = NTRW2Q55W3;
				GENERATE_INFOPLIST_FILE = YES;
				IPHONEOS_DEPLOYMENT_TARGET = 17.0;
				MARKETING_VERSION = 1.0;
				PRODUCT_BUNDLE_IDENTIFIER = "com.gabrieldcc.questions-native-appTests";
				PRODUCT_NAME = "$(TARGET_NAME)";
				SWIFT_EMIT_LOC_STRINGS = NO;
				SWIFT_VERSION = 5.0;
				TARGETED_DEVICE_FAMILY = "1,2";
				TEST_HOST = "$(BUILT_PRODUCTS_DIR)/questions-native-app.app/$(BUNDLE_EXECUTABLE_FOLDER_PATH)/questions-native-app";
			};
			name = Debug;
		};
		6595DB472C911C50007E0B18 /* Release */ = {
			isa = XCBuildConfiguration;
			buildSettings = {
				ALWAYS_EMBED_SWIFT_STANDARD_LIBRARIES = YES;
				BUNDLE_LOADER = "$(TEST_HOST)";
				CODE_SIGN_STYLE = Automatic;
				CURRENT_PROJECT_VERSION = 1;
				DEVELOPMENT_TEAM = NTRW2Q55W3;
				GENERATE_INFOPLIST_FILE = YES;
				IPHONEOS_DEPLOYMENT_TARGET = 17.0;
				MARKETING_VERSION = 1.0;
				PRODUCT_BUNDLE_IDENTIFIER = "com.gabrieldcc.questions-native-appTests";
				PRODUCT_NAME = "$(TARGET_NAME)";
				SWIFT_EMIT_LOC_STRINGS = NO;
				SWIFT_VERSION = 5.0;
				TARGETED_DEVICE_FAMILY = "1,2";
				TEST_HOST = "$(BUILT_PRODUCTS_DIR)/questions-native-app.app/$(BUNDLE_EXECUTABLE_FOLDER_PATH)/questions-native-app";
			};
			name = Release;
		};
		6595DB492C911C50007E0B18 /* Debug */ = {
			isa = XCBuildConfiguration;
			buildSettings = {
				ALWAYS_EMBED_SWIFT_STANDARD_LIBRARIES = YES;
				CODE_SIGN_STYLE = Automatic;
				CURRENT_PROJECT_VERSION = 1;
				DEVELOPMENT_TEAM = NTRW2Q55W3;
				GENERATE_INFOPLIST_FILE = YES;
				MARKETING_VERSION = 1.0;
				PRODUCT_BUNDLE_IDENTIFIER = "com.gabrieldcc.questions-native-appUITests";
				PRODUCT_NAME = "$(TARGET_NAME)";
				SWIFT_EMIT_LOC_STRINGS = NO;
				SWIFT_VERSION = 5.0;
				TARGETED_DEVICE_FAMILY = "1,2";
				TEST_TARGET_NAME = "questions-native-app";
			};
			name = Debug;
		};
		6595DB4A2C911C50007E0B18 /* Release */ = {
			isa = XCBuildConfiguration;
			buildSettings = {
				ALWAYS_EMBED_SWIFT_STANDARD_LIBRARIES = YES;
				CODE_SIGN_STYLE = Automatic;
				CURRENT_PROJECT_VERSION = 1;
				DEVELOPMENT_TEAM = NTRW2Q55W3;
				GENERATE_INFOPLIST_FILE = YES;
				MARKETING_VERSION = 1.0;
				PRODUCT_BUNDLE_IDENTIFIER = "com.gabrieldcc.questions-native-appUITests";
				PRODUCT_NAME = "$(TARGET_NAME)";
				SWIFT_EMIT_LOC_STRINGS = NO;
				SWIFT_VERSION = 5.0;
				TARGETED_DEVICE_FAMILY = "1,2";
				TEST_TARGET_NAME = "questions-native-app";
			};
			name = Release;
		};
/* End XCBuildConfiguration section */

/* Begin XCConfigurationList section */
		6595DB132C911C4E007E0B18 /* Build configuration list for PBXProject "questions-native-app" */ = {
			isa = XCConfigurationList;
			buildConfigurations = (
				6595DB402C911C50007E0B18 /* Debug */,
				6595DB412C911C50007E0B18 /* Release */,
			);
			defaultConfigurationIsVisible = 0;
			defaultConfigurationName = Release;
		};
		6595DB422C911C50007E0B18 /* Build configuration list for PBXNativeTarget "questions-native-app" */ = {
			isa = XCConfigurationList;
			buildConfigurations = (
				6595DB432C911C50007E0B18 /* Debug */,
				6595DB442C911C50007E0B18 /* Release */,
			);
			defaultConfigurationIsVisible = 0;
			defaultConfigurationName = Release;
		};
		6595DB452C911C50007E0B18 /* Build configuration list for PBXNativeTarget "questions-native-appTests" */ = {
			isa = XCConfigurationList;
			buildConfigurations = (
				6595DB462C911C50007E0B18 /* Debug */,
				6595DB472C911C50007E0B18 /* Release */,
			);
			defaultConfigurationIsVisible = 0;
			defaultConfigurationName = Release;
		};
		6595DB482C911C50007E0B18 /* Build configuration list for PBXNativeTarget "questions-native-appUITests" */ = {
			isa = XCConfigurationList;
			buildConfigurations = (
				6595DB492C911C50007E0B18 /* Debug */,
				6595DB4A2C911C50007E0B18 /* Release */,
			);
			defaultConfigurationIsVisible = 0;
			defaultConfigurationName = Release;
		};
/* End XCConfigurationList section */
	};
	rootObject = 6595DB102C911C4E007E0B18 /* Project object */;
}
